Microsoft Visual Studio Solution File, Format Version 11.00
# Visual Studio 2010
Project("{33094345-844F-4DBE-9AB1-0BF2DB560E81}") = "dsoftwarerasterizer", ".dub/dsoftwarerasterizer.visualdproj", "{DCB43B1C-338D-459D-B961-E446DFF280E4}"
	ProjectSection(ProjectDependencies) = postProject
		{1F0AC4A9-2260-4CFD-A18C-985E51739875} = {1F0AC4A9-2260-4CFD-A18C-985E51739875}
		{6C80F3E0-8794-4508-884D-7BFCF0AC4247} = {6C80F3E0-8794-4508-884D-7BFCF0AC4247}
		{6C80F3E0-8794-4508-884D-7BFCF0AC4247} = {6C80F3E0-8794-4508-884D-7BFCF0AC4247}
	EndProjectSection
EndProject
Project("{33094345-844F-4DBE-9AB1-0BF2DB560E81}") = "derelict-sdl2", ".dub/derelict-sdl2.visualdproj", "{1F0AC4A9-2260-4CFD-A18C-985E51739875}"
EndProject
Project("{33094345-844F-4DBE-9AB1-0BF2DB560E81}") = "derelict-util", ".dub/derelict-util.visualdproj", "{6C80F3E0-8794-4508-884D-7BFCF0AC4247}"
EndProject
Global
	GlobalSection(SolutionConfigurationPlatforms) = preSolution
		debug|Win32 = debug|Win32
	EndGlobalSection
	GlobalSection(ProjectConfigurationPlatforms) = postSolution
		{6C80F3E0-8794-4508-884D-7BFCF0AC4247}.debug|Win32.ActiveCfg = debug|Win32
		{6C80F3E0-8794-4508-884D-7BFCF0AC4247}.debug|Win32.Build.0 = debug|Win32
		{1F0AC4A9-2260-4CFD-A18C-985E51739875}.debug|Win32.ActiveCfg = debug|Win32
		{1F0AC4A9-2260-4CFD-A18C-985E51739875}.debug|Win32.Build.0 = debug|Win32
		{DCB43B1C-338D-459D-B961-E446DFF280E4}.debug|Win32.ActiveCfg = debug|Win32
		{DCB43B1C-338D-459D-B961-E446DFF280E4}.debug|Win32.Build.0 = debug|Win32
	EndGlobalSection
	GlobalSection(SolutionProperties) = preSolution
		HideSolutionNode = FALSE
	EndGlobalSection
EndGlobal
